
Microsoft Visual Studio Solution File, Format Version 12.00
# Visual Studio Version 16
VisualStudioVersion = 16.0.29519.87
MinimumVisualStudioVersion = 10.0.40219.1
Project("{9A19103F-16F7-4668-BE54-9A1E7A4F7556}") = "PrismTaskPanes.Core", "Base\PrismTaskPanes.Core\PrismTaskPanes.Core.csproj", "{1989F0DA-4467-4CB0-9580-FFC6311495B4}"
EndProject
Project("{9A19103F-16F7-4668-BE54-9A1E7A4F7556}") = "PrismTaskPanes.Commons", "Base\PrismTaskPanes.Commons\PrismTaskPanes.Commons.csproj", "{3A68C728-6F52-4383-99C9-720DFD5B1B3F}"
EndProject
Project("{2150E333-8FDC-42A3-9474-1A3956D46DE8}") = "Examples", "Examples", "{DDD8B790-2428-4366-AFFA-702AB149EA15}"
EndProject
Project("{2150E333-8FDC-42A3-9474-1A3956D46DE8}") = "Base", "Base", "{AAE2F14C-90E7-4CAC-A1A1-BCD26B497AF3}"
EndProject
Project("{9A19103F-16F7-4668-BE54-9A1E7A4F7556}") = "ExampleView", "Examples\Base\ExampleView\ExampleView.csproj", "{BB7E3B27-9354-4593-B569-39ADA2005BE0}"
EndProject
Project("{9A19103F-16F7-4668-BE54-9A1E7A4F7556}") = "ExampleCommon", "Examples\Base\ExampleCommon\ExampleCommon.csproj", "{FC9F4A99-B4BF-44F2-8A0A-148755269D2F}"
EndProject
Project("{2150E333-8FDC-42A3-9474-1A3956D46DE8}") = "Excel", "Excel", "{1B6259EA-CB99-46BE-8339-2556D2DD945E}"
EndProject
Project("{9A19103F-16F7-4668-BE54-9A1E7A4F7556}") = "ExcelAddIn1", "Examples\DryIoc\Excel\ExcelAddIn1\ExcelAddIn1.csproj", "{8811605F-42F2-43E4-BB3A-C0E74B924838}"
EndProject
Project("{9A19103F-16F7-4668-BE54-9A1E7A4F7556}") = "ExcelAddIn2", "Examples\DryIoc\Excel\ExcelAddIn2\ExcelAddIn2.csproj", "{55B2E071-CCBC-4057-8096-99CAC8EFA6C4}"
EndProject
Project("{9A19103F-16F7-4668-BE54-9A1E7A4F7556}") = "PrismTaskPanes.DryIoc.Excel", "DryIoC\DryIoC.Excel\PrismTaskPanes.DryIoc.Excel.csproj", "{7718542A-855A-4F99-95ED-0413B0C2621E}"
EndProject
Project("{2150E333-8FDC-42A3-9474-1A3956D46DE8}") = "DryIoc", "DryIoc", "{C68242B9-1D9E-45C9-95C0-7586930A293C}"
EndProject
Project("{9A19103F-16F7-4668-BE54-9A1E7A4F7556}") = "PrismTaskPanes.DryIoc", "DryIoc\DryIoc\PrismTaskPanes.DryIoc.csproj", "{995679F5-4D98-4822-BE7D-6A3B90B6DF44}"
EndProject
Project("{9A19103F-16F7-4668-BE54-9A1E7A4F7556}") = "PrismTaskPanes.DryIoc.PowerPoint", "DryIoc\DryIoc.PowerPoint\PrismTaskPanes.DryIoc.PowerPoint.csproj", "{3760CF8C-B014-4CBC-8AF1-0CB103C0F6DE}"
EndProject
Project("{2150E333-8FDC-42A3-9474-1A3956D46DE8}") = "Base", "Base", "{E232A836-70CE-4BB9-859E-75DF24EE10F0}"
EndProject
Project("{2150E333-8FDC-42A3-9474-1A3956D46DE8}") = "PowerPoint", "PowerPoint", "{53F8D693-0CEE-47EA-851E-65F9B3FE6A23}"
EndProject
Project("{9A19103F-16F7-4668-BE54-9A1E7A4F7556}") = "PowerPointAddIn1", "Examples\DryIoc\PowerPoint\PowerPointAddIn1\PowerPointAddIn1.csproj", "{8DE5BFB4-3429-46B5-B614-5AEB89BE1645}"
EndProject
Project("{9A19103F-16F7-4668-BE54-9A1E7A4F7556}") = "PowerPointAddIn2", "Examples\DryIoc\PowerPoint\PowerPointAddIn2\PowerPointAddIn2.csproj", "{4D3944FE-3741-4AA5-89FE-C0586C8A400A}"
EndProject
Project("{2150E333-8FDC-42A3-9474-1A3956D46DE8}") = "DryIoc", "DryIoc", "{B313FBE4-7C1A-49E8-A555-6A9681FE44FD}"
EndProject
Project("{FAE04EC0-301F-11D3-BF4B-00C04F79EFBC}") = "PrismTaskPanes.Host", "Base\PrismTaskPanes.Host\PrismTaskPanes.Host.csproj", "{43C426AE-B509-41FE-B274-B09CE29FC15C}"
EndProject
Global
	GlobalSection(SolutionConfigurationPlatforms) = preSolution
		Debug|Any CPU = Debug|Any CPU
		Release|Any CPU = Release|Any CPU
	EndGlobalSection
	GlobalSection(ProjectConfigurationPlatforms) = postSolution
		{1989F0DA-4467-4CB0-9580-FFC6311495B4}.Debug|Any CPU.ActiveCfg = Debug|Any CPU
		{1989F0DA-4467-4CB0-9580-FFC6311495B4}.Debug|Any CPU.Build.0 = Debug|Any CPU
		{1989F0DA-4467-4CB0-9580-FFC6311495B4}.Release|Any CPU.ActiveCfg = Release|Any CPU
		{1989F0DA-4467-4CB0-9580-FFC6311495B4}.Release|Any CPU.Build.0 = Release|Any CPU
		{3A68C728-6F52-4383-99C9-720DFD5B1B3F}.Debug|Any CPU.ActiveCfg = Debug|Any CPU
		{3A68C728-6F52-4383-99C9-720DFD5B1B3F}.Debug|Any CPU.Build.0 = Debug|Any CPU
		{3A68C728-6F52-4383-99C9-720DFD5B1B3F}.Release|Any CPU.ActiveCfg = Release|Any CPU
		{3A68C728-6F52-4383-99C9-720DFD5B1B3F}.Release|Any CPU.Build.0 = Release|Any CPU
		{BB7E3B27-9354-4593-B569-39ADA2005BE0}.Debug|Any CPU.ActiveCfg = Debug|Any CPU
		{BB7E3B27-9354-4593-B569-39ADA2005BE0}.Debug|Any CPU.Build.0 = Debug|Any CPU
		{BB7E3B27-9354-4593-B569-39ADA2005BE0}.Release|Any CPU.ActiveCfg = Release|Any CPU
		{BB7E3B27-9354-4593-B569-39ADA2005BE0}.Release|Any CPU.Build.0 = Release|Any CPU
		{FC9F4A99-B4BF-44F2-8A0A-148755269D2F}.Debug|Any CPU.ActiveCfg = Debug|Any CPU
		{FC9F4A99-B4BF-44F2-8A0A-148755269D2F}.Debug|Any CPU.Build.0 = Debug|Any CPU
		{FC9F4A99-B4BF-44F2-8A0A-148755269D2F}.Release|Any CPU.ActiveCfg = Release|Any CPU
		{FC9F4A99-B4BF-44F2-8A0A-148755269D2F}.Release|Any CPU.Build.0 = Release|Any CPU
		{8811605F-42F2-43E4-BB3A-C0E74B924838}.Debug|Any CPU.ActiveCfg = Debug|Any CPU
		{8811605F-42F2-43E4-BB3A-C0E74B924838}.Debug|Any CPU.Build.0 = Debug|Any CPU
		{8811605F-42F2-43E4-BB3A-C0E74B924838}.Release|Any CPU.ActiveCfg = Release|Any CPU
		{8811605F-42F2-43E4-BB3A-C0E74B924838}.Release|Any CPU.Build.0 = Release|Any CPU
		{55B2E071-CCBC-4057-8096-99CAC8EFA6C4}.Debug|Any CPU.ActiveCfg = Debug|Any CPU
		{55B2E071-CCBC-4057-8096-99CAC8EFA6C4}.Debug|Any CPU.Build.0 = Debug|Any CPU
		{55B2E071-CCBC-4057-8096-99CAC8EFA6C4}.Release|Any CPU.ActiveCfg = Release|Any CPU
		{55B2E071-CCBC-4057-8096-99CAC8EFA6C4}.Release|Any CPU.Build.0 = Release|Any CPU
		{7718542A-855A-4F99-95ED-0413B0C2621E}.Debug|Any CPU.ActiveCfg = Debug|Any CPU
		{7718542A-855A-4F99-95ED-0413B0C2621E}.Debug|Any CPU.Build.0 = Debug|Any CPU
		{7718542A-855A-4F99-95ED-0413B0C2621E}.Release|Any CPU.ActiveCfg = Release|Any CPU
		{7718542A-855A-4F99-95ED-0413B0C2621E}.Release|Any CPU.Build.0 = Release|Any CPU
		{995679F5-4D98-4822-BE7D-6A3B90B6DF44}.Debug|Any CPU.ActiveCfg = Debug|Any CPU
		{995679F5-4D98-4822-BE7D-6A3B90B6DF44}.Debug|Any CPU.Build.0 = Debug|Any CPU
		{995679F5-4D98-4822-BE7D-6A3B90B6DF44}.Release|Any CPU.ActiveCfg = Release|Any CPU
		{995679F5-4D98-4822-BE7D-6A3B90B6DF44}.Release|Any CPU.Build.0 = Release|Any CPU
		{3760CF8C-B014-4CBC-8AF1-0CB103C0F6DE}.Debug|Any CPU.ActiveCfg = Debug|Any CPU
		{3760CF8C-B014-4CBC-8AF1-0CB103C0F6DE}.Debug|Any CPU.Build.0 = Debug|Any CPU
		{3760CF8C-B014-4CBC-8AF1-0CB103C0F6DE}.Release|Any CPU.ActiveCfg = Release|Any CPU
		{3760CF8C-B014-4CBC-8AF1-0CB103C0F6DE}.Release|Any CPU.Build.0 = Release|Any CPU
		{8DE5BFB4-3429-46B5-B614-5AEB89BE1645}.Debug|Any CPU.ActiveCfg = Debug|Any CPU
		{8DE5BFB4-3429-46B5-B614-5AEB89BE1645}.Debug|Any CPU.Build.0 = Debug|Any CPU
		{8DE5BFB4-3429-46B5-B614-5AEB89BE1645}.Release|Any CPU.ActiveCfg = Release|Any CPU
		{8DE5BFB4-3429-46B5-B614-5AEB89BE1645}.Release|Any CPU.Build.0 = Release|Any CPU
		{4D3944FE-3741-4AA5-89FE-C0586C8A400A}.Debug|Any CPU.ActiveCfg = Debug|Any CPU
		{4D3944FE-3741-4AA5-89FE-C0586C8A400A}.Debug|Any CPU.Build.0 = Debug|Any CPU
		{4D3944FE-3741-4AA5-89FE-C0586C8A400A}.Release|Any CPU.ActiveCfg = Release|Any CPU
		{4D3944FE-3741-4AA5-89FE-C0586C8A400A}.Release|Any CPU.Build.0 = Release|Any CPU
		{43C426AE-B509-41FE-B274-B09CE29FC15C}.Debug|Any CPU.ActiveCfg = Debug|Any CPU
		{43C426AE-B509-41FE-B274-B09CE29FC15C}.Debug|Any CPU.Build.0 = Debug|Any CPU
		{43C426AE-B509-41FE-B274-B09CE29FC15C}.Release|Any CPU.ActiveCfg = Release|Any CPU
		{43C426AE-B509-41FE-B274-B09CE29FC15C}.Release|Any CPU.Build.0 = Release|Any CPU
	EndGlobalSection
	GlobalSection(SolutionProperties) = preSolution
		HideSolutionNode = FALSE
	EndGlobalSection
	GlobalSection(NestedProjects) = preSolution
		{1989F0DA-4467-4CB0-9580-FFC6311495B4} = {E232A836-70CE-4BB9-859E-75DF24EE10F0}
		{3A68C728-6F52-4383-99C9-720DFD5B1B3F} = {E232A836-70CE-4BB9-859E-75DF24EE10F0}
		{AAE2F14C-90E7-4CAC-A1A1-BCD26B497AF3} = {DDD8B790-2428-4366-AFFA-702AB149EA15}
		{BB7E3B27-9354-4593-B569-39ADA2005BE0} = {AAE2F14C-90E7-4CAC-A1A1-BCD26B497AF3}
		{FC9F4A99-B4BF-44F2-8A0A-148755269D2F} = {AAE2F14C-90E7-4CAC-A1A1-BCD26B497AF3}
		{1B6259EA-CB99-46BE-8339-2556D2DD945E} = {B313FBE4-7C1A-49E8-A555-6A9681FE44FD}
		{8811605F-42F2-43E4-BB3A-C0E74B924838} = {1B6259EA-CB99-46BE-8339-2556D2DD945E}
		{55B2E071-CCBC-4057-8096-99CAC8EFA6C4} = {1B6259EA-CB99-46BE-8339-2556D2DD945E}
		{7718542A-855A-4F99-95ED-0413B0C2621E} = {C68242B9-1D9E-45C9-95C0-7586930A293C}
		{995679F5-4D98-4822-BE7D-6A3B90B6DF44} = {C68242B9-1D9E-45C9-95C0-7586930A293C}
		{3760CF8C-B014-4CBC-8AF1-0CB103C0F6DE} = {C68242B9-1D9E-45C9-95C0-7586930A293C}
		{53F8D693-0CEE-47EA-851E-65F9B3FE6A23} = {B313FBE4-7C1A-49E8-A555-6A9681FE44FD}
		{8DE5BFB4-3429-46B5-B614-5AEB89BE1645} = {53F8D693-0CEE-47EA-851E-65F9B3FE6A23}
		{4D3944FE-3741-4AA5-89FE-C0586C8A400A} = {53F8D693-0CEE-47EA-851E-65F9B3FE6A23}
		{B313FBE4-7C1A-49E8-A555-6A9681FE44FD} = {DDD8B790-2428-4366-AFFA-702AB149EA15}
		{43C426AE-B509-41FE-B274-B09CE29FC15C} = {E232A836-70CE-4BB9-859E-75DF24EE10F0}
	EndGlobalSection
	GlobalSection(ExtensibilityGlobals) = postSolution
		SolutionGuid = {DACADB1B-5786-44FA-AACA-C55066FE0CF8}
	EndGlobalSection
EndGlobal
