
Microsoft Visual Studio Solution File, Format Version 12.00
# Visual Studio Version 16
VisualStudioVersion = 16.0.29519.87
MinimumVisualStudioVersion = 10.0.40219.1
Project("{2150E333-8FDC-42A3-9474-1A3956D46DE8}") = "PrismTaskPanes.Tests", "PrismTaskPanes.Tests", "{DDD8B790-2428-4366-AFFA-702AB149EA15}"
EndProject
Project("{9A19103F-16F7-4668-BE54-9A1E7A4F7556}") = "TestAddIn1", "PrismTaskPanes.Tests\TestAddIn1\TestAddIn1.csproj", "{19FC5D3E-D270-4710-9D9E-2F46D33210C9}"
EndProject
Project("{9A19103F-16F7-4668-BE54-9A1E7A4F7556}") = "TestAddIn2", "PrismTaskPanes.Tests\TestAddIn2\TestAddIn2.csproj", "{55B2E071-CCBC-4057-8096-99CAC8EFA6C4}"
EndProject
Project("{9A19103F-16F7-4668-BE54-9A1E7A4F7556}") = "PrismTaskPanes.Regions", "PrismTaskPanes.Regions\PrismTaskPanes.Regions.csproj", "{3A68C728-6F52-4383-99C9-720DFD5B1B3F}"
EndProject
Project("{9A19103F-16F7-4668-BE54-9A1E7A4F7556}") = "PrismTaskPanes", "PrismTaskPanes\PrismTaskPanes.csproj", "{1989F0DA-4467-4CB0-9580-FFC6311495B4}"
EndProject
Project("{9A19103F-16F7-4668-BE54-9A1E7A4F7556}") = "TestView", "PrismTaskPanes.Tests\TestView\TestView.csproj", "{BB7E3B27-9354-4593-B569-39ADA2005BE0}"
EndProject
Global
	GlobalSection(SolutionConfigurationPlatforms) = preSolution
		Debug|Any CPU = Debug|Any CPU
		Release|Any CPU = Release|Any CPU
	EndGlobalSection
	GlobalSection(ProjectConfigurationPlatforms) = postSolution
		{19FC5D3E-D270-4710-9D9E-2F46D33210C9}.Debug|Any CPU.ActiveCfg = Debug|Any CPU
		{19FC5D3E-D270-4710-9D9E-2F46D33210C9}.Debug|Any CPU.Build.0 = Debug|Any CPU
		{19FC5D3E-D270-4710-9D9E-2F46D33210C9}.Release|Any CPU.ActiveCfg = Release|Any CPU
		{19FC5D3E-D270-4710-9D9E-2F46D33210C9}.Release|Any CPU.Build.0 = Release|Any CPU
		{55B2E071-CCBC-4057-8096-99CAC8EFA6C4}.Debug|Any CPU.ActiveCfg = Debug|Any CPU
		{55B2E071-CCBC-4057-8096-99CAC8EFA6C4}.Debug|Any CPU.Build.0 = Debug|Any CPU
		{55B2E071-CCBC-4057-8096-99CAC8EFA6C4}.Release|Any CPU.ActiveCfg = Release|Any CPU
		{55B2E071-CCBC-4057-8096-99CAC8EFA6C4}.Release|Any CPU.Build.0 = Release|Any CPU
		{3A68C728-6F52-4383-99C9-720DFD5B1B3F}.Debug|Any CPU.ActiveCfg = Debug|Any CPU
		{3A68C728-6F52-4383-99C9-720DFD5B1B3F}.Debug|Any CPU.Build.0 = Debug|Any CPU
		{3A68C728-6F52-4383-99C9-720DFD5B1B3F}.Release|Any CPU.ActiveCfg = Release|Any CPU
		{3A68C728-6F52-4383-99C9-720DFD5B1B3F}.Release|Any CPU.Build.0 = Release|Any CPU
		{1989F0DA-4467-4CB0-9580-FFC6311495B4}.Debug|Any CPU.ActiveCfg = Debug|Any CPU
		{1989F0DA-4467-4CB0-9580-FFC6311495B4}.Debug|Any CPU.Build.0 = Debug|Any CPU
		{1989F0DA-4467-4CB0-9580-FFC6311495B4}.Release|Any CPU.ActiveCfg = Release|Any CPU
		{1989F0DA-4467-4CB0-9580-FFC6311495B4}.Release|Any CPU.Build.0 = Release|Any CPU
		{BB7E3B27-9354-4593-B569-39ADA2005BE0}.Debug|Any CPU.ActiveCfg = Debug|Any CPU
		{BB7E3B27-9354-4593-B569-39ADA2005BE0}.Debug|Any CPU.Build.0 = Debug|Any CPU
		{BB7E3B27-9354-4593-B569-39ADA2005BE0}.Release|Any CPU.ActiveCfg = Release|Any CPU
		{BB7E3B27-9354-4593-B569-39ADA2005BE0}.Release|Any CPU.Build.0 = Release|Any CPU
	EndGlobalSection
	GlobalSection(SolutionProperties) = preSolution
		HideSolutionNode = FALSE
	EndGlobalSection
	GlobalSection(NestedProjects) = preSolution
		{19FC5D3E-D270-4710-9D9E-2F46D33210C9} = {DDD8B790-2428-4366-AFFA-702AB149EA15}
		{55B2E071-CCBC-4057-8096-99CAC8EFA6C4} = {DDD8B790-2428-4366-AFFA-702AB149EA15}
		{BB7E3B27-9354-4593-B569-39ADA2005BE0} = {DDD8B790-2428-4366-AFFA-702AB149EA15}
	EndGlobalSection
	GlobalSection(ExtensibilityGlobals) = postSolution
		SolutionGuid = {DACADB1B-5786-44FA-AACA-C55066FE0CF8}
	EndGlobalSection
EndGlobal
